
Microsoft Visual Studio Solution File, Format Version 12.00
# Visual Studio Version 17
VisualStudioVersion = 17.10.35013.160
MinimumVisualStudioVersion = 10.0.40219.1
Project("{FAE04EC0-301F-11D3-BF4B-00C04F79EFBC}") = "pr24_pril", "pr24_pril.csproj", "{4F558EF8-8DA5-470E-A37A-DC601B223DDA}"
EndProject
Global
	GlobalSection(SolutionConfigurationPlatforms) = preSolution
		Debug|Any CPU = Debug|Any CPU
		Release|Any CPU = Release|Any CPU
	EndGlobalSection
	GlobalSection(ProjectConfigurationPlatforms) = postSolution
		{4F558EF8-8DA5-470E-A37A-DC601B223DDA}.Debug|Any CPU.ActiveCfg = Debug|Any CPU
		{4F558EF8-8DA5-470E-A37A-DC601B223DDA}.Debug|Any CPU.Build.0 = Debug|Any CPU
		{4F558EF8-8DA5-470E-A37A-DC601B223DDA}.Release|Any CPU.ActiveCfg = Release|Any CPU
		{4F558EF8-8DA5-470E-A37A-DC601B223DDA}.Release|Any CPU.Build.0 = Release|Any CPU
	EndGlobalSection
	GlobalSection(SolutionProperties) = preSolution
		HideSolutionNode = FALSE
	EndGlobalSection
	GlobalSection(ExtensibilityGlobals) = postSolution
		SolutionGuid = {44062EFE-1B32-4CA5-9EFA-DDFD4060810F}
	EndGlobalSection
EndGlobal
